
Microsoft Visual Studio Solution File, Format Version 12.00
# Visual Studio 15
VisualStudioVersion = 15.0.27130.0
MinimumVisualStudioVersion = 10.0.40219.1
Project("{8BC9CEB8-8B4A-11D0-8D11-00A0C91BC942}") = "jma5071_C_UE10", "jma5071_C_UE10\jma5071_C_UE10.vcxproj", "{C8BFF775-4069-44AD-8713-1A7681EEE0F7}"
EndProject
Global
	GlobalSection(SolutionConfigurationPlatforms) = preSolution
		Debug|x64 = Debug|x64
		Debug|x86 = Debug|x86
		Release|x64 = Release|x64
		Release|x86 = Release|x86
	EndGlobalSection
	GlobalSection(ProjectConfigurationPlatforms) = postSolution
		{C8BFF775-4069-44AD-8713-1A7681EEE0F7}.Debug|x64.ActiveCfg = Debug|x64
		{C8BFF775-4069-44AD-8713-1A7681EEE0F7}.Debug|x64.Build.0 = Debug|x64
		{C8BFF775-4069-44AD-8713-1A7681EEE0F7}.Debug|x86.ActiveCfg = Debug|Win32
		{C8BFF775-4069-44AD-8713-1A7681EEE0F7}.Debug|x86.Build.0 = Debug|Win32
		{C8BFF775-4069-44AD-8713-1A7681EEE0F7}.Release|x64.ActiveCfg = Release|x64
		{C8BFF775-4069-44AD-8713-1A7681EEE0F7}.Release|x64.Build.0 = Release|x64
		{C8BFF775-4069-44AD-8713-1A7681EEE0F7}.Release|x86.ActiveCfg = Release|Win32
		{C8BFF775-4069-44AD-8713-1A7681EEE0F7}.Release|x86.Build.0 = Release|Win32
	EndGlobalSection
	GlobalSection(SolutionProperties) = preSolution
		HideSolutionNode = FALSE
	EndGlobalSection
	GlobalSection(ExtensibilityGlobals) = postSolution
		SolutionGuid = {ABBD8D32-80D6-4BCC-BE98-8E270D38DC44}
	EndGlobalSection
EndGlobal
